// !$*UTF8*$!
{
	archiveVersion = 1;
	classes = {
	};
	objectVersion = 77;
	objects = {

/* Begin PBXBuildFile section */
		BD4F01082EA030000052EAF5 /* PracticeTemplateScalingTests.swift in Sources */ = {isa = PBXBuildFile; fileRef = BD4F01072EA030000052EAF5 /* PracticeTemplateScalingTests.swift */; };
		BD4F01102EA030000052EAF5 /* StartPointGateTests.swift in Sources */ = {isa = PBXBuildFile; fileRef = BD4F01112EA030000052EAF5 /* StartPointGateTests.swift */; };
		BD4F01122EA030000052EAF5 /* PracticeEvaluatorTests.swift in Sources */ = {isa = PBXBuildFile; fileRef = BD4F01132EA030000052EAF5 /* PracticeEvaluatorTests.swift */; };
		BD4F01232EA030000052EAF5 /* scribble/AppAssets in Resources */ = {isa = PBXBuildFile; fileRef = BD4F01222EA030000052EAF5 /* scribble/AppAssets */; };
/* End PBXBuildFile section */

/* Begin PBXContainerItemProxy section */
		BD4F010B2EA030000052EAF5 /* PBXContainerItemProxy */ = {
			isa = PBXContainerItemProxy;
			containerPortal = BD1CDAD42EA00BD60052EAF5 /* Project object */;
			proxyType = 1;
			remoteGlobalIDString = BD1CDADB2EA00BD60052EAF5;
			remoteInfo = scribble;
		};
/* End PBXContainerItemProxy section */

/* Begin PBXFileReference section */
		BD1CDADC2EA00BD60052EAF5 /* scribble.app */ = {isa = PBXFileReference; explicitFileType = wrapper.application; includeInIndex = 0; path = scribble.app; sourceTree = BUILT_PRODUCTS_DIR; };
		BD4F01062EA030000052EAF5 /* scribbleTests.xctest */ = {isa = PBXFileReference; explicitFileType = wrapper.cfbundle; includeInIndex = 0; path = scribbleTests.xctest; sourceTree = BUILT_PRODUCTS_DIR; };
		BD4F01072EA030000052EAF5 /* PracticeTemplateScalingTests.swift */ = {isa = PBXFileReference; lastKnownFileType = sourcecode.swift; path = PracticeTemplateScalingTests.swift; sourceTree = "<group>"; };
		BD4F010C2EA030000052EAF5 /* Info.plist */ = {isa = PBXFileReference; lastKnownFileType = text.plist.xml; path = Info.plist; sourceTree = "<group>"; };
		BD4F01112EA030000052EAF5 /* StartPointGateTests.swift */ = {isa = PBXFileReference; lastKnownFileType = sourcecode.swift; path = StartPointGateTests.swift; sourceTree = "<group>"; };
		BD4F01132EA030000052EAF5 /* PracticeEvaluatorTests.swift */ = {isa = PBXFileReference; lastKnownFileType = sourcecode.swift; path = PracticeEvaluatorTests.swift; sourceTree = "<group>"; };
		BD4F01222EA030000052EAF5 /* scribble/AppAssets */ = {isa = PBXFileReference; lastKnownFileType = folder; path = scribble/AppAssets; sourceTree = "<group>"; };
/* End PBXFileReference section */

/* Begin PBXFileSystemSynchronizedRootGroup section */
		BD1CDADE2EA00BD60052EAF5 /* scribble */ = {
			isa = PBXFileSystemSynchronizedRootGroup;
			path = scribble;
			sourceTree = "<group>";
		};
/* End PBXFileSystemSynchronizedRootGroup section */

/* Begin PBXFrameworksBuildPhase section */
		BD1CDAD92EA00BD60052EAF5 /* Frameworks */ = {
			isa = PBXFrameworksBuildPhase;
			buildActionMask = 2147483647;
			files = (
			);
			runOnlyForDeploymentPostprocessing = 0;
		};
		BD4F01022EA030000052EAF5 /* Frameworks */ = {
			isa = PBXFrameworksBuildPhase;
			buildActionMask = 2147483647;
			files = (
			);
			runOnlyForDeploymentPostprocessing = 0;
		};
/* End PBXFrameworksBuildPhase section */

/* Begin PBXGroup section */
		BD1CDAD32EA00BD60052EAF5 = {
			isa = PBXGroup;
			children = (
				BD1CDADE2EA00BD60052EAF5 /* scribble */,
				BD1CDADD2EA00BD60052EAF5 /* Products */,
				BD4F01222EA030000052EAF5 /* scribble/AppAssets */,
				BD4F01092EA030000052EAF5 /* scribbleTests */,
			);
			sourceTree = "<group>";
		};
		BD1CDADD2EA00BD60052EAF5 /* Products */ = {
			isa = PBXGroup;
			children = (
				BD1CDADC2EA00BD60052EAF5 /* scribble.app */,
				BD4F01062EA030000052EAF5 /* scribbleTests.xctest */,
			);
			name = Products;
			sourceTree = "<group>";
		};
		BD4F01092EA030000052EAF5 /* scribbleTests */ = {
			isa = PBXGroup;
			children = (
				BD4F01072EA030000052EAF5 /* PracticeTemplateScalingTests.swift */,
				BD4F01112EA030000052EAF5 /* StartPointGateTests.swift */,
				BD4F01132EA030000052EAF5 /* PracticeEvaluatorTests.swift */,
				BD4F010C2EA030000052EAF5 /* Info.plist */,
			);
			path = scribbleTests;
			sourceTree = "<group>";
		};
/* End PBXGroup section */

/* Begin PBXNativeTarget section */
		BD1CDADB2EA00BD60052EAF5 /* scribble */ = {
			isa = PBXNativeTarget;
			buildConfigurationList = BD1CDAE92EA00BD90052EAF5 /* Build configuration list for PBXNativeTarget "scribble" */;
			buildPhases = (
				BD1CDAD82EA00BD60052EAF5 /* Sources */,
				BD1CDAD92EA00BD60052EAF5 /* Frameworks */,
				BD1CDADA2EA00BD60052EAF5 /* Resources */,
			);
			buildRules = (
			);
			dependencies = (
			);
			fileSystemSynchronizedGroups = (
				BD1CDADE2EA00BD60052EAF5 /* scribble */,
			);
			name = scribble;
			packageProductDependencies = (
			);
			productName = scribble;
			productReference = BD1CDADC2EA00BD60052EAF5 /* scribble.app */;
			productType = "com.apple.product-type.application";
		};
		BD4F01002EA030000052EAF5 /* scribbleTests */ = {
			isa = PBXNativeTarget;
			buildConfigurationList = BD4F01032EA030000052EAF5 /* Build configuration list for PBXNativeTarget "scribbleTests" */;
			buildPhases = (
				BD4F01012EA030000052EAF5 /* Sources */,
				BD4F01022EA030000052EAF5 /* Frameworks */,
			);
			buildRules = (
			);
			dependencies = (
				BD4F010A2EA030000052EAF5 /* PBXTargetDependency */,
			);
			name = scribbleTests;
			productName = scribbleTests;
			productReference = BD4F01062EA030000052EAF5 /* scribbleTests.xctest */;
			productType = "com.apple.product-type.bundle.unit-test";
		};
/* End PBXNativeTarget section */

/* Begin PBXProject section */
		BD1CDAD42EA00BD60052EAF5 /* Project object */ = {
			isa = PBXProject;
			attributes = {
				BuildIndependentTargetsInParallel = 1;
				LastSwiftUpdateCheck = 1640;
				LastUpgradeCheck = 1640;
				TargetAttributes = {
					BD1CDADB2EA00BD60052EAF5 = {
						CreatedOnToolsVersion = 16.4;
					};
					BD4F01002EA030000052EAF5 = {
						CreatedOnToolsVersion = 16.4;
					};
				};
			};
			buildConfigurationList = BD1CDAD72EA00BD60052EAF5 /* Build configuration list for PBXProject "scribble" */;
			developmentRegion = en;
			hasScannedForEncodings = 0;
			knownRegions = (
				en,
				Base,
			);
			mainGroup = BD1CDAD32EA00BD60052EAF5;
			minimizedProjectReferenceProxies = 1;
			preferredProjectObjectVersion = 77;
			productRefGroup = BD1CDADD2EA00BD60052EAF5 /* Products */;
			projectDirPath = "";
			projectRoot = "";
			targets = (
				BD1CDADB2EA00BD60052EAF5 /* scribble */,
				BD4F01002EA030000052EAF5 /* scribbleTests */,
			);
		};
/* End PBXProject section */

/* Begin PBXResourcesBuildPhase section */
		BD1CDADA2EA00BD60052EAF5 /* Resources */ = {
			isa = PBXResourcesBuildPhase;
			buildActionMask = 2147483647;
			files = (
				BD4F01232EA030000052EAF5 /* scribble/AppAssets in Resources */,
			);
			runOnlyForDeploymentPostprocessing = 0;
		};
/* End PBXResourcesBuildPhase section */

/* Begin PBXSourcesBuildPhase section */
		BD1CDAD82EA00BD60052EAF5 /* Sources */ = {
			isa = PBXSourcesBuildPhase;
			buildActionMask = 2147483647;
			files = (
			);
			runOnlyForDeploymentPostprocessing = 0;
		};
		BD4F01012EA030000052EAF5 /* Sources */ = {
			isa = PBXSourcesBuildPhase;
			buildActionMask = 2147483647;
			files = (
				BD4F01082EA030000052EAF5 /* PracticeTemplateScalingTests.swift in Sources */,
				BD4F01102EA030000052EAF5 /* StartPointGateTests.swift in Sources */,
				BD4F01122EA030000052EAF5 /* PracticeEvaluatorTests.swift in Sources */,
			);
			runOnlyForDeploymentPostprocessing = 0;
		};
/* End PBXSourcesBuildPhase section */

/* Begin PBXTargetDependency section */
		BD4F010A2EA030000052EAF5 /* PBXTargetDependency */ = {
			isa = PBXTargetDependency;
			target = BD1CDADB2EA00BD60052EAF5 /* scribble */;
			targetProxy = BD4F010B2EA030000052EAF5 /* PBXContainerItemProxy */;
		};
/* End PBXTargetDependency section */

/* Begin XCBuildConfiguration section */
		BD1CDAE72EA00BD90052EAF5 /* Debug */ = {
			isa = XCBuildConfiguration;
			buildSettings = {
				ALWAYS_SEARCH_USER_PATHS = NO;
				ASSETCATALOG_COMPILER_GENERATE_SWIFT_ASSET_SYMBOL_EXTENSIONS = YES;
				CLANG_ANALYZER_NONNULL = YES;
				CLANG_ANALYZER_NUMBER_OBJECT_CONVERSION = YES_AGGRESSIVE;
				CLANG_CXX_LANGUAGE_STANDARD = "gnu++20";
				CLANG_ENABLE_MODULES = YES;
				CLANG_ENABLE_OBJC_ARC = YES;
				CLANG_ENABLE_OBJC_WEAK = YES;
				CLANG_WARN_BLOCK_CAPTURE_AUTORELEASING = YES;
				CLANG_WARN_BOOL_CONVERSION = YES;
				CLANG_WARN_COMMA = YES;
				CLANG_WARN_CONSTANT_CONVERSION = YES;
				CLANG_WARN_DEPRECATED_OBJC_IMPLEMENTATIONS = YES;
				CLANG_WARN_DIRECT_OBJC_ISA_USAGE = YES_ERROR;
				CLANG_WARN_DOCUMENTATION_COMMENTS = YES;
				CLANG_WARN_EMPTY_BODY = YES;
				CLANG_WARN_ENUM_CONVERSION = YES;
				CLANG_WARN_INFINITE_RECURSION = YES;
				CLANG_WARN_INT_CONVERSION = YES;
				CLANG_WARN_NON_LITERAL_NULL_CONVERSION = YES;
				CLANG_WARN_OBJC_IMPLICIT_RETAIN_SELF = YES;
				CLANG_WARN_OBJC_LITERAL_CONVERSION = YES;
				CLANG_WARN_OBJC_ROOT_CLASS = YES_ERROR;
				CLANG_WARN_QUOTED_INCLUDE_IN_FRAMEWORK_HEADER = YES;
				CLANG_WARN_RANGE_LOOP_ANALYSIS = YES;
				CLANG_WARN_STRICT_PROTOTYPES = YES;
				CLANG_WARN_SUSPICIOUS_MOVE = YES;
				CLANG_WARN_UNGUARDED_AVAILABILITY = YES_AGGRESSIVE;
				CLANG_WARN_UNREACHABLE_CODE = YES;
				CLANG_WARN__DUPLICATE_METHOD_MATCH = YES;
				COPY_PHASE_STRIP = NO;
				DEBUG_INFORMATION_FORMAT = dwarf;
				DEVELOPMENT_TEAM = 54Q9XU57JS;
				ENABLE_STRICT_OBJC_MSGSEND = YES;
				ENABLE_TESTABILITY = YES;
				ENABLE_USER_SCRIPT_SANDBOXING = YES;
				GCC_C_LANGUAGE_STANDARD = gnu17;
				GCC_DYNAMIC_NO_PIC = NO;
				GCC_NO_COMMON_BLOCKS = YES;
				GCC_OPTIMIZATION_LEVEL = 0;
				GCC_PREPROCESSOR_DEFINITIONS = (
					"DEBUG=1",
					"$(inherited)",
				);
				GCC_WARN_64_TO_32_BIT_CONVERSION = YES;
				GCC_WARN_ABOUT_RETURN_TYPE = YES_ERROR;
				GCC_WARN_UNDECLARED_SELECTOR = YES;
				GCC_WARN_UNINITIALIZED_AUTOS = YES_AGGRESSIVE;
				GCC_WARN_UNUSED_FUNCTION = YES;
				GCC_WARN_UNUSED_VARIABLE = YES;
				IPHONEOS_DEPLOYMENT_TARGET = 18.3;
				LOCALIZATION_PREFERS_STRING_CATALOGS = YES;
				MTL_ENABLE_DEBUG_INFO = INCLUDE_SOURCE;
				MTL_FAST_MATH = YES;
				ONLY_ACTIVE_ARCH = YES;
				SDKROOT = iphoneos;
				SWIFT_ACTIVE_COMPILATION_CONDITIONS = "DEBUG $(inherited)";
				SWIFT_OPTIMIZATION_LEVEL = "-Onone";
			};
			name = Debug;
		};
		BD1CDAE82EA00BD90052EAF5 /* Release */ = {
			isa = XCBuildConfiguration;
			buildSettings = {
				ALWAYS_SEARCH_USER_PATHS = NO;
				ASSETCATALOG_COMPILER_GENERATE_SWIFT_ASSET_SYMBOL_EXTENSIONS = YES;
				CLANG_ANALYZER_NONNULL = YES;
				CLANG_ANALYZER_NUMBER_OBJECT_CONVERSION = YES_AGGRESSIVE;
				CLANG_CXX_LANGUAGE_STANDARD = "gnu++20";
				CLANG_ENABLE_MODULES = YES;
				CLANG_ENABLE_OBJC_ARC = YES;
				CLANG_ENABLE_OBJC_WEAK = YES;
				CLANG_WARN_BLOCK_CAPTURE_AUTORELEASING = YES;
				CLANG_WARN_BOOL_CONVERSION = YES;
				CLANG_WARN_COMMA = YES;
				CLANG_WARN_CONSTANT_CONVERSION = YES;
				CLANG_WARN_DEPRECATED_OBJC_IMPLEMENTATIONS = YES;
				CLANG_WARN_DIRECT_OBJC_ISA_USAGE = YES_ERROR;
				CLANG_WARN_DOCUMENTATION_COMMENTS = YES;
				CLANG_WARN_EMPTY_BODY = YES;
				CLANG_WARN_ENUM_CONVERSION = YES;
				CLANG_WARN_INFINITE_RECURSION = YES;
				CLANG_WARN_INT_CONVERSION = YES;
				CLANG_WARN_NON_LITERAL_NULL_CONVERSION = YES;
				CLANG_WARN_OBJC_IMPLICIT_RETAIN_SELF = YES;
				CLANG_WARN_OBJC_LITERAL_CONVERSION = YES;
				CLANG_WARN_OBJC_ROOT_CLASS = YES_ERROR;
				CLANG_WARN_QUOTED_INCLUDE_IN_FRAMEWORK_HEADER = YES;
				CLANG_WARN_RANGE_LOOP_ANALYSIS = YES;
				CLANG_WARN_STRICT_PROTOTYPES = YES;
				CLANG_WARN_SUSPICIOUS_MOVE = YES;
				CLANG_WARN_UNGUARDED_AVAILABILITY = YES_AGGRESSIVE;
				CLANG_WARN_UNREACHABLE_CODE = YES;
				CLANG_WARN__DUPLICATE_METHOD_MATCH = YES;
				COPY_PHASE_STRIP = NO;
				DEBUG_INFORMATION_FORMAT = "dwarf-with-dsym";
				DEVELOPMENT_TEAM = 54Q9XU57JS;
				ENABLE_NS_ASSERTIONS = NO;
				ENABLE_STRICT_OBJC_MSGSEND = YES;
				ENABLE_USER_SCRIPT_SANDBOXING = YES;
				GCC_C_LANGUAGE_STANDARD = gnu17;
				GCC_NO_COMMON_BLOCKS = YES;
				GCC_WARN_64_TO_32_BIT_CONVERSION = YES;
				GCC_WARN_ABOUT_RETURN_TYPE = YES_ERROR;
				GCC_WARN_UNDECLARED_SELECTOR = YES;
				GCC_WARN_UNINITIALIZED_AUTOS = YES_AGGRESSIVE;
				GCC_WARN_UNUSED_FUNCTION = YES;
				GCC_WARN_UNUSED_VARIABLE = YES;
				IPHONEOS_DEPLOYMENT_TARGET = 18.3;
				LOCALIZATION_PREFERS_STRING_CATALOGS = YES;
				MTL_ENABLE_DEBUG_INFO = NO;
				MTL_FAST_MATH = YES;
				SDKROOT = iphoneos;
				SWIFT_COMPILATION_MODE = wholemodule;
				VALIDATE_PRODUCT = YES;
			};
			name = Release;
		};
		BD1CDAEA2EA00BD90052EAF5 /* Debug */ = {
			isa = XCBuildConfiguration;
			buildSettings = {
				ASSETCATALOG_COMPILER_APPICON_NAME = AppIcon;
				ASSETCATALOG_COMPILER_GLOBAL_ACCENT_COLOR_NAME = AccentColor;
				CODE_SIGN_STYLE = Automatic;
				CURRENT_PROJECT_VERSION = 1;
				DEVELOPMENT_TEAM = 54Q9XU57JS;
				ENABLE_PREVIEWS = YES;
				GENERATE_INFOPLIST_FILE = YES;
				INFOPLIST_KEY_UIApplicationSceneManifest_Generation = YES;
				INFOPLIST_KEY_UIApplicationSupportsIndirectInputEvents = YES;
				INFOPLIST_KEY_UILaunchScreen_Generation = YES;
				INFOPLIST_KEY_UISupportedInterfaceOrientations_iPad = "UIInterfaceOrientationPortrait UIInterfaceOrientationPortraitUpsideDown UIInterfaceOrientationLandscapeLeft UIInterfaceOrientationLandscapeRight";
				INFOPLIST_KEY_UISupportedInterfaceOrientations_iPhone = "UIInterfaceOrientationPortrait UIInterfaceOrientationLandscapeLeft UIInterfaceOrientationLandscapeRight";
				IPHONEOS_DEPLOYMENT_TARGET = 18.3;
				LD_RUNPATH_SEARCH_PATHS = (
					"$(inherited)",
					"@executable_path/Frameworks",
				);
				MARKETING_VERSION = 1.0;
				PRODUCT_BUNDLE_IDENTIFIER = Devys.scribble;
				PRODUCT_NAME = "$(TARGET_NAME)";
				SWIFT_EMIT_LOC_STRINGS = YES;
				SWIFT_VERSION = 5.0;
				TARGETED_DEVICE_FAMILY = 2;
			};
			name = Debug;
		};
		BD1CDAEB2EA00BD90052EAF5 /* Release */ = {
			isa = XCBuildConfiguration;
			buildSettings = {
				ASSETCATALOG_COMPILER_APPICON_NAME = AppIcon;
				ASSETCATALOG_COMPILER_GLOBAL_ACCENT_COLOR_NAME = AccentColor;
				CODE_SIGN_STYLE = Automatic;
				CURRENT_PROJECT_VERSION = 1;
				DEVELOPMENT_TEAM = 54Q9XU57JS;
				ENABLE_PREVIEWS = YES;
				GENERATE_INFOPLIST_FILE = YES;
				INFOPLIST_KEY_UIApplicationSceneManifest_Generation = YES;
				INFOPLIST_KEY_UIApplicationSupportsIndirectInputEvents = YES;
				INFOPLIST_KEY_UILaunchScreen_Generation = YES;
				INFOPLIST_KEY_UISupportedInterfaceOrientations_iPad = "UIInterfaceOrientationPortrait UIInterfaceOrientationPortraitUpsideDown UIInterfaceOrientationLandscapeLeft UIInterfaceOrientationLandscapeRight";
				INFOPLIST_KEY_UISupportedInterfaceOrientations_iPhone = "UIInterfaceOrientationPortrait UIInterfaceOrientationLandscapeLeft UIInterfaceOrientationLandscapeRight";
				IPHONEOS_DEPLOYMENT_TARGET = 18.3;
				LD_RUNPATH_SEARCH_PATHS = (
					"$(inherited)",
					"@executable_path/Frameworks",
				);
				MARKETING_VERSION = 1.0;
				PRODUCT_BUNDLE_IDENTIFIER = Devys.scribble;
				PRODUCT_NAME = "$(TARGET_NAME)";
				SWIFT_EMIT_LOC_STRINGS = YES;
				SWIFT_VERSION = 5.0;
				TARGETED_DEVICE_FAMILY = 2;
			};
			name = Release;
		};
		BD4F01042EA030000052EAF5 /* Debug */ = {
			isa = XCBuildConfiguration;
			buildSettings = {
				ALWAYS_SEARCH_USER_PATHS = NO;
				BUNDLE_LOADER = "$(TEST_HOST)";
				CODE_SIGN_STYLE = Automatic;
				DEVELOPMENT_TEAM = 54Q9XU57JS;
				INFOPLIST_FILE = scribbleTests/Info.plist;
				IPHONEOS_DEPLOYMENT_TARGET = 18.3;
				PRODUCT_BUNDLE_IDENTIFIER = com.mitchellwhite.scribbleTests;
				PRODUCT_NAME = "$(TARGET_NAME)";
				SWIFT_ACTIVE_COMPILATION_CONDITIONS = "DEBUG $(inherited)";
				SWIFT_OPTIMIZATION_LEVEL = "-Onone";
				SWIFT_VERSION = 6.0;
				TARGETED_DEVICE_FAMILY = 2;
				TEST_HOST = "$(BUILT_PRODUCTS_DIR)/scribble.app/scribble";
			};
			name = Debug;
		};
		BD4F01052EA030000052EAF5 /* Release */ = {
			isa = XCBuildConfiguration;
			buildSettings = {
				ALWAYS_SEARCH_USER_PATHS = NO;
				BUNDLE_LOADER = "$(TEST_HOST)";
				CODE_SIGN_STYLE = Automatic;
				DEVELOPMENT_TEAM = 54Q9XU57JS;
				INFOPLIST_FILE = scribbleTests/Info.plist;
				IPHONEOS_DEPLOYMENT_TARGET = 18.3;
				PRODUCT_BUNDLE_IDENTIFIER = com.mitchellwhite.scribbleTests;
				PRODUCT_NAME = "$(TARGET_NAME)";
				SWIFT_VERSION = 6.0;
				TARGETED_DEVICE_FAMILY = 2;
				TEST_HOST = "$(BUILT_PRODUCTS_DIR)/scribble.app/scribble";
			};
			name = Release;
		};
/* End XCBuildConfiguration section */

/* Begin XCConfigurationList section */
		BD1CDAD72EA00BD60052EAF5 /* Build configuration list for PBXProject "scribble" */ = {
			isa = XCConfigurationList;
			buildConfigurations = (
				BD1CDAE72EA00BD90052EAF5 /* Debug */,
				BD1CDAE82EA00BD90052EAF5 /* Release */,
			);
			defaultConfigurationIsVisible = 0;
			defaultConfigurationName = Release;
		};
		BD1CDAE92EA00BD90052EAF5 /* Build configuration list for PBXNativeTarget "scribble" */ = {
			isa = XCConfigurationList;
			buildConfigurations = (
				BD1CDAEA2EA00BD90052EAF5 /* Debug */,
				BD1CDAEB2EA00BD90052EAF5 /* Release */,
			);
			defaultConfigurationIsVisible = 0;
			defaultConfigurationName = Release;
		};
		BD4F01032EA030000052EAF5 /* Build configuration list for PBXNativeTarget "scribbleTests" */ = {
			isa = XCConfigurationList;
			buildConfigurations = (
				BD4F01042EA030000052EAF5 /* Debug */,
				BD4F01052EA030000052EAF5 /* Release */,
			);
			defaultConfigurationIsVisible = 0;
			defaultConfigurationName = Release;
		};
/* End XCConfigurationList section */
	};
	rootObject = BD1CDAD42EA00BD60052EAF5 /* Project object */;
}
